
Microsoft Visual Studio Solution File, Format Version 12.00
Project("{FAE04EC0-301F-11D3-BF4B-00C04F79EFBC}") = "Avs.Messaging", "Avs.Messaging\Avs.Messaging.csproj", "{70EFCD99-6C38-4C45-9B5B-4F96556B4211}"
EndProject
Project("{FAE04EC0-301F-11D3-BF4B-00C04F79EFBC}") = "Avs.Messaging.RabbitMq", "Avs.Messaging.RabbitMq\Avs.Messaging.RabbitMq.csproj", "{646AF900-1575-4782-B159-1CC39BFD6D43}"
EndProject
Project("{FAE04EC0-301F-11D3-BF4B-00C04F79EFBC}") = "Avs.Messaging.Tests", "Avs.Messaging.Tests\Avs.Messaging.Tests.csproj", "{DBE03570-E42C-4898-97EB-490AC155F61F}"
EndProject
Project("{FAE04EC0-301F-11D3-BF4B-00C04F79EFBC}") = "Avs.Messaging.InMemoryTransport", "Avs.Messaging.InMemoryTransport\Avs.Messaging.InMemoryTransport.csproj", "{9402C9F0-B89A-44CB-A525-19FDF951377F}"
EndProject
Project("{FAE04EC0-301F-11D3-BF4B-00C04F79EFBC}") = "MessageProducer", "Samples\PubSub\MessageProducer\MessageProducer.csproj", "{60B11DEF-A4CE-4459-A9C5-F4E2C45203BC}"
EndProject
Project("{2150E333-8FDC-42A3-9474-1A3956D46DE8}") = "Samples", "Samples", "{71FD3712-9C52-425D-B76A-21F5EF0E0608}"
EndProject
Project("{2150E333-8FDC-42A3-9474-1A3956D46DE8}") = "PubSub", "PubSub", "{7B5121B1-2EF5-42F1-9C8C-CD2236D4F95A}"
EndProject
Project("{FAE04EC0-301F-11D3-BF4B-00C04F79EFBC}") = "Contracts", "Samples\PubSub\Contracts\Contracts.csproj", "{A090ADD5-69AE-4478-B84C-CDD1E2D46385}"
EndProject
Project("{FAE04EC0-301F-11D3-BF4B-00C04F79EFBC}") = "MessageConsumer", "Samples\PubSub\MessageConsumer\MessageConsumer.csproj", "{6B7FC1B1-1DD7-4081-95D4-E3F8FA54C27F}"
EndProject
Project("{2150E333-8FDC-42A3-9474-1A3956D46DE8}") = "Mediator", "Mediator", "{FB7B4004-2375-416C-A7CB-12754CCC9497}"
EndProject
Project("{FAE04EC0-301F-11D3-BF4B-00C04F79EFBC}") = "Mediator", "Samples\Mediator\Mediator.csproj", "{453D6B7A-914A-44E3-AEB7-8FAB5CE545EA}"
EndProject
Project("{2150E333-8FDC-42A3-9474-1A3956D46DE8}") = "RequestReply", "RequestReply", "{7486DA93-13A0-4769-B663-0A9112A27AAD}"
	ProjectSection(SolutionItems) = preProject
		Samples\RequestReply\load_test.js = Samples\RequestReply\load_test.js
	EndProjectSection
EndProject
Project("{FAE04EC0-301F-11D3-BF4B-00C04F79EFBC}") = "Contracts", "Samples\RequestReply\Contracts\Contracts.csproj", "{C52E1822-6330-4778-96A9-21AB3350E383}"
EndProject
Project("{FAE04EC0-301F-11D3-BF4B-00C04F79EFBC}") = "AccountService", "Samples\RequestReply\AccountService\AccountService.csproj", "{002C906A-2CF1-4E77-B170-C984C649B2B7}"
EndProject
Project("{FAE04EC0-301F-11D3-BF4B-00C04F79EFBC}") = "SupervisorService", "Samples\RequestReply\SupervisorService\SupervisorService.csproj", "{74FF616C-B3C6-40C5-8FCC-2B6A59F49331}"
EndProject
Project("{FAE04EC0-301F-11D3-BF4B-00C04F79EFBC}") = "Avs.Messaging.Mediator", "Avs.Messaging.Mediator\Avs.Messaging.Mediator.csproj", "{5FE2C265-A0EC-4FDB-810D-514B3AE14F11}"
EndProject
Global
	GlobalSection(SolutionConfigurationPlatforms) = preSolution
		Debug|Any CPU = Debug|Any CPU
		Release|Any CPU = Release|Any CPU
	EndGlobalSection
	GlobalSection(ProjectConfigurationPlatforms) = postSolution
		{70EFCD99-6C38-4C45-9B5B-4F96556B4211}.Debug|Any CPU.ActiveCfg = Debug|Any CPU
		{70EFCD99-6C38-4C45-9B5B-4F96556B4211}.Debug|Any CPU.Build.0 = Debug|Any CPU
		{70EFCD99-6C38-4C45-9B5B-4F96556B4211}.Release|Any CPU.ActiveCfg = Release|Any CPU
		{70EFCD99-6C38-4C45-9B5B-4F96556B4211}.Release|Any CPU.Build.0 = Release|Any CPU
		{646AF900-1575-4782-B159-1CC39BFD6D43}.Debug|Any CPU.ActiveCfg = Debug|Any CPU
		{646AF900-1575-4782-B159-1CC39BFD6D43}.Debug|Any CPU.Build.0 = Debug|Any CPU
		{646AF900-1575-4782-B159-1CC39BFD6D43}.Release|Any CPU.ActiveCfg = Release|Any CPU
		{646AF900-1575-4782-B159-1CC39BFD6D43}.Release|Any CPU.Build.0 = Release|Any CPU
		{DBE03570-E42C-4898-97EB-490AC155F61F}.Debug|Any CPU.ActiveCfg = Debug|Any CPU
		{DBE03570-E42C-4898-97EB-490AC155F61F}.Debug|Any CPU.Build.0 = Debug|Any CPU
		{DBE03570-E42C-4898-97EB-490AC155F61F}.Release|Any CPU.ActiveCfg = Release|Any CPU
		{DBE03570-E42C-4898-97EB-490AC155F61F}.Release|Any CPU.Build.0 = Release|Any CPU
		{9402C9F0-B89A-44CB-A525-19FDF951377F}.Debug|Any CPU.ActiveCfg = Debug|Any CPU
		{9402C9F0-B89A-44CB-A525-19FDF951377F}.Debug|Any CPU.Build.0 = Debug|Any CPU
		{9402C9F0-B89A-44CB-A525-19FDF951377F}.Release|Any CPU.ActiveCfg = Release|Any CPU
		{9402C9F0-B89A-44CB-A525-19FDF951377F}.Release|Any CPU.Build.0 = Release|Any CPU
		{60B11DEF-A4CE-4459-A9C5-F4E2C45203BC}.Debug|Any CPU.ActiveCfg = Debug|Any CPU
		{60B11DEF-A4CE-4459-A9C5-F4E2C45203BC}.Debug|Any CPU.Build.0 = Debug|Any CPU
		{60B11DEF-A4CE-4459-A9C5-F4E2C45203BC}.Release|Any CPU.ActiveCfg = Release|Any CPU
		{60B11DEF-A4CE-4459-A9C5-F4E2C45203BC}.Release|Any CPU.Build.0 = Release|Any CPU
		{A090ADD5-69AE-4478-B84C-CDD1E2D46385}.Debug|Any CPU.ActiveCfg = Debug|Any CPU
		{A090ADD5-69AE-4478-B84C-CDD1E2D46385}.Debug|Any CPU.Build.0 = Debug|Any CPU
		{A090ADD5-69AE-4478-B84C-CDD1E2D46385}.Release|Any CPU.ActiveCfg = Release|Any CPU
		{A090ADD5-69AE-4478-B84C-CDD1E2D46385}.Release|Any CPU.Build.0 = Release|Any CPU
		{6B7FC1B1-1DD7-4081-95D4-E3F8FA54C27F}.Debug|Any CPU.ActiveCfg = Debug|Any CPU
		{6B7FC1B1-1DD7-4081-95D4-E3F8FA54C27F}.Debug|Any CPU.Build.0 = Debug|Any CPU
		{6B7FC1B1-1DD7-4081-95D4-E3F8FA54C27F}.Release|Any CPU.ActiveCfg = Release|Any CPU
		{6B7FC1B1-1DD7-4081-95D4-E3F8FA54C27F}.Release|Any CPU.Build.0 = Release|Any CPU
		{453D6B7A-914A-44E3-AEB7-8FAB5CE545EA}.Debug|Any CPU.ActiveCfg = Debug|Any CPU
		{453D6B7A-914A-44E3-AEB7-8FAB5CE545EA}.Debug|Any CPU.Build.0 = Debug|Any CPU
		{453D6B7A-914A-44E3-AEB7-8FAB5CE545EA}.Release|Any CPU.ActiveCfg = Release|Any CPU
		{453D6B7A-914A-44E3-AEB7-8FAB5CE545EA}.Release|Any CPU.Build.0 = Release|Any CPU
		{C52E1822-6330-4778-96A9-21AB3350E383}.Debug|Any CPU.ActiveCfg = Debug|Any CPU
		{C52E1822-6330-4778-96A9-21AB3350E383}.Debug|Any CPU.Build.0 = Debug|Any CPU
		{C52E1822-6330-4778-96A9-21AB3350E383}.Release|Any CPU.ActiveCfg = Release|Any CPU
		{C52E1822-6330-4778-96A9-21AB3350E383}.Release|Any CPU.Build.0 = Release|Any CPU
		{002C906A-2CF1-4E77-B170-C984C649B2B7}.Debug|Any CPU.ActiveCfg = Debug|Any CPU
		{002C906A-2CF1-4E77-B170-C984C649B2B7}.Debug|Any CPU.Build.0 = Debug|Any CPU
		{002C906A-2CF1-4E77-B170-C984C649B2B7}.Release|Any CPU.ActiveCfg = Release|Any CPU
		{002C906A-2CF1-4E77-B170-C984C649B2B7}.Release|Any CPU.Build.0 = Release|Any CPU
		{74FF616C-B3C6-40C5-8FCC-2B6A59F49331}.Debug|Any CPU.ActiveCfg = Debug|Any CPU
		{74FF616C-B3C6-40C5-8FCC-2B6A59F49331}.Debug|Any CPU.Build.0 = Debug|Any CPU
		{74FF616C-B3C6-40C5-8FCC-2B6A59F49331}.Release|Any CPU.ActiveCfg = Release|Any CPU
		{74FF616C-B3C6-40C5-8FCC-2B6A59F49331}.Release|Any CPU.Build.0 = Release|Any CPU
		{5FE2C265-A0EC-4FDB-810D-514B3AE14F11}.Debug|Any CPU.ActiveCfg = Debug|Any CPU
		{5FE2C265-A0EC-4FDB-810D-514B3AE14F11}.Debug|Any CPU.Build.0 = Debug|Any CPU
		{5FE2C265-A0EC-4FDB-810D-514B3AE14F11}.Release|Any CPU.ActiveCfg = Release|Any CPU
		{5FE2C265-A0EC-4FDB-810D-514B3AE14F11}.Release|Any CPU.Build.0 = Release|Any CPU
	EndGlobalSection
	GlobalSection(NestedProjects) = preSolution
		{7B5121B1-2EF5-42F1-9C8C-CD2236D4F95A} = {71FD3712-9C52-425D-B76A-21F5EF0E0608}
		{60B11DEF-A4CE-4459-A9C5-F4E2C45203BC} = {7B5121B1-2EF5-42F1-9C8C-CD2236D4F95A}
		{A090ADD5-69AE-4478-B84C-CDD1E2D46385} = {7B5121B1-2EF5-42F1-9C8C-CD2236D4F95A}
		{6B7FC1B1-1DD7-4081-95D4-E3F8FA54C27F} = {7B5121B1-2EF5-42F1-9C8C-CD2236D4F95A}
		{FB7B4004-2375-416C-A7CB-12754CCC9497} = {71FD3712-9C52-425D-B76A-21F5EF0E0608}
		{453D6B7A-914A-44E3-AEB7-8FAB5CE545EA} = {FB7B4004-2375-416C-A7CB-12754CCC9497}
		{7486DA93-13A0-4769-B663-0A9112A27AAD} = {71FD3712-9C52-425D-B76A-21F5EF0E0608}
		{C52E1822-6330-4778-96A9-21AB3350E383} = {7486DA93-13A0-4769-B663-0A9112A27AAD}
		{002C906A-2CF1-4E77-B170-C984C649B2B7} = {7486DA93-13A0-4769-B663-0A9112A27AAD}
		{74FF616C-B3C6-40C5-8FCC-2B6A59F49331} = {7486DA93-13A0-4769-B663-0A9112A27AAD}
	EndGlobalSection
EndGlobal
